
Microsoft Visual Studio Solution File, Format Version 12.00
# Visual Studio Version 16
VisualStudioVersion = 16.0.30413.136
MinimumVisualStudioVersion = 10.0.40219.1
Project("{FAE04EC0-301F-11D3-BF4B-00C04F79EFBC}") = "TrialDev", "TrialDev.csproj", "{98DE3B4C-002E-46C6-8C6D-DACAC9F2C111}"
EndProject
Global
	GlobalSection(SolutionConfigurationPlatforms) = preSolution
		Debug|Any CPU = Debug|Any CPU
		Release|Any CPU = Release|Any CPU
	EndGlobalSection
	GlobalSection(ProjectConfigurationPlatforms) = postSolution
		{98DE3B4C-002E-46C6-8C6D-DACAC9F2C111}.Debug|Any CPU.ActiveCfg = Debug|Any CPU
		{98DE3B4C-002E-46C6-8C6D-DACAC9F2C111}.Debug|Any CPU.Build.0 = Debug|Any CPU
		{98DE3B4C-002E-46C6-8C6D-DACAC9F2C111}.Release|Any CPU.ActiveCfg = Release|Any CPU
		{98DE3B4C-002E-46C6-8C6D-DACAC9F2C111}.Release|Any CPU.Build.0 = Release|Any CPU
	EndGlobalSection
	GlobalSection(SolutionProperties) = preSolution
		HideSolutionNode = FALSE
	EndGlobalSection
	GlobalSection(ExtensibilityGlobals) = postSolution
		SolutionGuid = {0AB3AC39-6F4D-4E5E-8BDA-C21FD7008BC4}
	EndGlobalSection
EndGlobal
